
Microsoft Visual Studio Solution File, Format Version 12.00
# Visual Studio Express 2012 for Web
Project("{FAE04EC0-301F-11D3-BF4B-00C04F79EFBC}") = "NPR2.0.8", "NPR2.0.8\NPR2.0.8.csproj", "{610B4183-4311-4DB3-BAE3-64ECB2FB2D3F}"
EndProject
Project("{FAE04EC0-301F-11D3-BF4B-00C04F79EFBC}") = "NPR2.0.8.Tests", "NPR2.0.8.Tests\NPR2.0.8.Tests.csproj", "{199B8B06-FE5A-4C25-BCBE-E42963349EC8}"
EndProject
Global
	GlobalSection(SolutionConfigurationPlatforms) = preSolution
		Debug|Any CPU = Debug|Any CPU
		Release|Any CPU = Release|Any CPU
	EndGlobalSection
	GlobalSection(ProjectConfigurationPlatforms) = postSolution
		{610B4183-4311-4DB3-BAE3-64ECB2FB2D3F}.Debug|Any CPU.ActiveCfg = Debug|Any CPU
		{610B4183-4311-4DB3-BAE3-64ECB2FB2D3F}.Debug|Any CPU.Build.0 = Debug|Any CPU
		{610B4183-4311-4DB3-BAE3-64ECB2FB2D3F}.Release|Any CPU.ActiveCfg = Release|Any CPU
		{610B4183-4311-4DB3-BAE3-64ECB2FB2D3F}.Release|Any CPU.Build.0 = Release|Any CPU
		{199B8B06-FE5A-4C25-BCBE-E42963349EC8}.Debug|Any CPU.ActiveCfg = Debug|Any CPU
		{199B8B06-FE5A-4C25-BCBE-E42963349EC8}.Debug|Any CPU.Build.0 = Debug|Any CPU
		{199B8B06-FE5A-4C25-BCBE-E42963349EC8}.Release|Any CPU.ActiveCfg = Release|Any CPU
		{199B8B06-FE5A-4C25-BCBE-E42963349EC8}.Release|Any CPU.Build.0 = Release|Any CPU
	EndGlobalSection
	GlobalSection(SolutionProperties) = preSolution
		HideSolutionNode = FALSE
	EndGlobalSection
EndGlobal
